PODS:
  - Alamofire (4.8.2)
  - Differentiator (3.1.0)
  - Gifu (3.2.0)
  - JGProgressHUD (2.0.3)
  - Moya/Core (13.0.1):
    - Alamofire (~> 4.1)
    - Result (~> 4.1)
  - Moya/RxSwift (13.0.1):
    - Moya/Core
    - RxSwift (~> 4.0)
  - Realm (3.15.0):
    - Realm/Headers (= 3.15.0)
  - Realm/Headers (3.15.0)
  - RealmSwift (3.15.0):
    - Realm (= 3.15.0)
  - Result (4.1.0)
  - RxCocoa (4.5.0):
    - RxSwift (>= 4.4.2, ~> 4.4)
  - RxDataSources (3.1.0):
    - Differentiator (~> 3.0)
    - RxCocoa (~> 4.0)
    - RxSwift (~> 4.0)
  - RxRealm (0.7.6):
    - RealmSwift (~> 3.0)
    - RxSwift (~> 4.0)
  - RxSwift (4.5.0)
  - SwiftyJSON (5.0.0)

DEPENDENCIES:
  - Gifu
  - JGProgressHUD
  - Moya/RxSwift
  - RxDataSources
  - RxRealm
  - RxSwift
  - SwiftyJSON

SPEC REPOS:
  https://github.com/cocoapods/specs.git:
    - Alamofire
    - Differentiator
    - Gifu
    - JGProgressHUD
    - Moya
    - Realm
    - RealmSwift
    - Result
    - RxCocoa
    - RxDataSources
    - RxRealm
    - RxSwift
    - SwiftyJSON

SPEC CHECKSUMS:
  Alamofire: ae5c501addb7afdbb13687d7f2f722c78734c2d3
  Differentiator: be49ca3408f0ecfc761e4c7763d20c62be01b9ad
  Gifu: 7bcb6427457d85e0b4dff5a84ec5947ac19a93ea
  JGProgressHUD: 12b20a8f4ffe05258f8635c1ab92816e451f904d
  Moya: f4a4b80ff2f8a4ffc208dfb31cd91636622fee6e
  Realm: 9b834e1be6062f544805252c812348872dc5d4ed
  RealmSwift: 8a41886f8ab6efef9eb8df97de2f2bb911561a79
  Result: bd966fac789cc6c1563440b348ab2598cc24d5c7
  RxCocoa: cbf70265dc65a981d4ac982e513c10cf23df24a0
  RxDataSources: a843bad90c29817f5923ec8163f4af2de084ceb3
  RxRealm: 5379eddd74f8d617ca7681d1f8d144af25b432b0
  RxSwift: f172070dfd1a93d70a9ab97a5a01166206e1c575
  SwiftyJSON: 36413e04c44ee145039d332b4f4e2d3e8d6c4db7

PODFILE CHECKSUM: bf2d50cbe0f7799fe055db04bf84e0aa7ecc5765

COCOAPODS: 1.6.1
